
Microsoft Visual Studio Solution File, Format Version 12.00
# Visual Studio Version 17
VisualStudioVersion = 17.2.32630.192
MinimumVisualStudioVersion = 10.0.40219.1
Project("{FAE04EC0-301F-11D3-BF4B-00C04F79EFBC}") = "AngleBetweenArrows", "AngleBetweenArrows\AngleBetweenArrows.csproj", "{8A9106B7-86FE-4B34-AB85-557AD1051ABE}"
EndProject
Global
	GlobalSection(SolutionConfigurationPlatforms) = preSolution
		Debug|Any CPU = Debug|Any CPU
		Release|Any CPU = Release|Any CPU
	EndGlobalSection
	GlobalSection(ProjectConfigurationPlatforms) = postSolution
		{8A9106B7-86FE-4B34-AB85-557AD1051ABE}.Debug|Any CPU.ActiveCfg = Debug|Any CPU
		{8A9106B7-86FE-4B34-AB85-557AD1051ABE}.Debug|Any CPU.Build.0 = Debug|Any CPU
		{8A9106B7-86FE-4B34-AB85-557AD1051ABE}.Release|Any CPU.ActiveCfg = Release|Any CPU
		{8A9106B7-86FE-4B34-AB85-557AD1051ABE}.Release|Any CPU.Build.0 = Release|Any CPU
	EndGlobalSection
	GlobalSection(SolutionProperties) = preSolution
		HideSolutionNode = FALSE
	EndGlobalSection
	GlobalSection(ExtensibilityGlobals) = postSolution
		SolutionGuid = {F061EB4C-F60B-49D9-82C3-512A2A257194}
	EndGlobalSection
EndGlobal
